{
  "name": "safekeys-core",
  "version": "1.0.0",
  "lockfileVersion": 3,
  "requires": true,
  "packages": {
    "": {
      "name": "safekeys-core",
      "version": "1.0.0",
      "license": "ISC",
      "dependencies": {
        "crypto-aes-gcm": "^2.0.3",
        "typescript": "^5.8.3"
      }
    },
    "node_modules/crypto-aes-gcm": {
      "version": "2.0.3",
      "resolved": "https://registry.npmjs.org/crypto-aes-gcm/-/crypto-aes-gcm-2.0.3.tgz",
      "integrity": "sha512-5P9s0ugqMPdcLng2wisZ9EYS4EvYZP0VBQH38Ws+7vbvpHyeJd1uIVl/0YrUXIF1mXK8khGes4b0/32A1jTRbw==",
      "license": "MIT"
    },
    "node_modules/typescript": {
      "version": "5.8.3",
      "resolved": "https://registry.npmjs.org/typescript/-/typescript-5.8.3.tgz",
      "integrity": "sha512-p1diW6TqL9L07nNxvRMM7hMMw4c5XOo/1ibL4aAIGmSAt9slTE1Xgw5KWuof2uTOvCg9BY7ZRi+GaF+7sfgPeQ==",
      "license": "Apache-2.0",
      "bin": {
        "tsc": "bin/tsc",
        "tsserver": "bin/tsserver"
      },
      "engines": {
        "node": ">=14.17"
      }
    }
  }
}
